
Microsoft Visual Studio Solution File, Format Version 12.00
# Visual Studio Version 17
VisualStudioVersion = 17.8.34330.188
MinimumVisualStudioVersion = 10.0.40219.1
Project("{9A19103F-16F7-4668-BE54-9A1E7A4F7556}") = "SoftMarineWPF-MVVM", "src\SoftMarine\SoftMarineWPF-MVVM.csproj", "{021F2F88-5B0B-4DA3-9F32-6F2BF9142805}"
EndProject
Project("{9A19103F-16F7-4668-BE54-9A1E7A4F7556}") = "SoftMarineWPF-MVVM.Core", "src\Core\SoftMarineWPF-MVVM.Core.csproj", "{D75567A8-E9B5-4D62-9C68-76F9705190CB}"
EndProject
Global
	GlobalSection(SolutionConfigurationPlatforms) = preSolution
		Debug|Any CPU = Debug|Any CPU
		Debug|x64 = Debug|x64
		Debug|x86 = Debug|x86
		Release|Any CPU = Release|Any CPU
		Release|x64 = Release|x64
		Release|x86 = Release|x86
	EndGlobalSection
	GlobalSection(ProjectConfigurationPlatforms) = postSolution
		{021F2F88-5B0B-4DA3-9F32-6F2BF9142805}.Debug|Any CPU.ActiveCfg = Debug|Any CPU
		{021F2F88-5B0B-4DA3-9F32-6F2BF9142805}.Debug|Any CPU.Build.0 = Debug|Any CPU
		{021F2F88-5B0B-4DA3-9F32-6F2BF9142805}.Debug|x64.ActiveCfg = Debug|Any CPU
		{021F2F88-5B0B-4DA3-9F32-6F2BF9142805}.Debug|x64.Build.0 = Debug|Any CPU
		{021F2F88-5B0B-4DA3-9F32-6F2BF9142805}.Debug|x86.ActiveCfg = Debug|Any CPU
		{021F2F88-5B0B-4DA3-9F32-6F2BF9142805}.Debug|x86.Build.0 = Debug|Any CPU
		{021F2F88-5B0B-4DA3-9F32-6F2BF9142805}.Release|Any CPU.ActiveCfg = Release|Any CPU
		{021F2F88-5B0B-4DA3-9F32-6F2BF9142805}.Release|Any CPU.Build.0 = Release|Any CPU
		{021F2F88-5B0B-4DA3-9F32-6F2BF9142805}.Release|x64.ActiveCfg = Release|Any CPU
		{021F2F88-5B0B-4DA3-9F32-6F2BF9142805}.Release|x64.Build.0 = Release|Any CPU
		{021F2F88-5B0B-4DA3-9F32-6F2BF9142805}.Release|x86.ActiveCfg = Release|Any CPU
		{021F2F88-5B0B-4DA3-9F32-6F2BF9142805}.Release|x86.Build.0 = Release|Any CPU
		{D75567A8-E9B5-4D62-9C68-76F9705190CB}.Debug|Any CPU.ActiveCfg = Debug|Any CPU
		{D75567A8-E9B5-4D62-9C68-76F9705190CB}.Debug|Any CPU.Build.0 = Debug|Any CPU
		{D75567A8-E9B5-4D62-9C68-76F9705190CB}.Debug|x64.ActiveCfg = Debug|Any CPU
		{D75567A8-E9B5-4D62-9C68-76F9705190CB}.Debug|x64.Build.0 = Debug|Any CPU
		{D75567A8-E9B5-4D62-9C68-76F9705190CB}.Debug|x86.ActiveCfg = Debug|Any CPU
		{D75567A8-E9B5-4D62-9C68-76F9705190CB}.Debug|x86.Build.0 = Debug|Any CPU
		{D75567A8-E9B5-4D62-9C68-76F9705190CB}.Release|Any CPU.ActiveCfg = Release|Any CPU
		{D75567A8-E9B5-4D62-9C68-76F9705190CB}.Release|Any CPU.Build.0 = Release|Any CPU
		{D75567A8-E9B5-4D62-9C68-76F9705190CB}.Release|x64.ActiveCfg = Release|Any CPU
		{D75567A8-E9B5-4D62-9C68-76F9705190CB}.Release|x64.Build.0 = Release|Any CPU
		{D75567A8-E9B5-4D62-9C68-76F9705190CB}.Release|x86.ActiveCfg = Release|Any CPU
		{D75567A8-E9B5-4D62-9C68-76F9705190CB}.Release|x86.Build.0 = Release|Any CPU
	EndGlobalSection
	GlobalSection(SolutionProperties) = preSolution
		HideSolutionNode = FALSE
	EndGlobalSection
	GlobalSection(ExtensibilityGlobals) = postSolution
		SolutionGuid = {EFFD104C-4C22-438C-A42A-0929D1485153}
	EndGlobalSection
EndGlobal
